
Microsoft Visual Studio Solution File, Format Version 12.00
# Visual Studio Version 16
VisualStudioVersion = 16.0.31424.327
MinimumVisualStudioVersion = 10.0.40219.1
Project("{FAE04EC0-301F-11D3-BF4B-00C04F79EFBC}") = "Ejercicio3Guia2-MM200149", "Ejercicio3Guia2-MM200149.csproj", "{C6136D58-29C7-439E-B739-8F683B132178}"
EndProject
Global
	GlobalSection(SolutionConfigurationPlatforms) = preSolution
		Debug|Any CPU = Debug|Any CPU
		Release|Any CPU = Release|Any CPU
	EndGlobalSection
	GlobalSection(ProjectConfigurationPlatforms) = postSolution
		{C6136D58-29C7-439E-B739-8F683B132178}.Debug|Any CPU.ActiveCfg = Debug|Any CPU
		{C6136D58-29C7-439E-B739-8F683B132178}.Debug|Any CPU.Build.0 = Debug|Any CPU
		{C6136D58-29C7-439E-B739-8F683B132178}.Release|Any CPU.ActiveCfg = Release|Any CPU
		{C6136D58-29C7-439E-B739-8F683B132178}.Release|Any CPU.Build.0 = Release|Any CPU
	EndGlobalSection
	GlobalSection(SolutionProperties) = preSolution
		HideSolutionNode = FALSE
	EndGlobalSection
	GlobalSection(ExtensibilityGlobals) = postSolution
		SolutionGuid = {67EF7464-C1FB-4BD7-9AAC-8D6550D10322}
	EndGlobalSection
EndGlobal
